
Microsoft Visual Studio Solution File, Format Version 12.00
# Visual Studio Version 16
VisualStudioVersion = 16.0.809.3
MinimumVisualStudioVersion = 10.0.40219.1
Project("{FAE04EC0-301F-11D3-BF4B-00C04F79EFBC}") = "problem-solving", "problem-solving\problem-solving.csproj", "{5CC5128C-7003-42D7-9BDF-00B59C7F32A9}"
EndProject
Project("{FAE04EC0-301F-11D3-BF4B-00C04F79EFBC}") = "leetcode", "leetcode\leetcode.csproj", "{476AF4B0-4496-44E8-9C76-F9F98C39A795}"
EndProject
Global
	GlobalSection(SolutionConfigurationPlatforms) = preSolution
		Debug|Any CPU = Debug|Any CPU
		Release|Any CPU = Release|Any CPU
	EndGlobalSection
	GlobalSection(ProjectConfigurationPlatforms) = postSolution
		{5CC5128C-7003-42D7-9BDF-00B59C7F32A9}.Debug|Any CPU.ActiveCfg = Debug|Any CPU
		{5CC5128C-7003-42D7-9BDF-00B59C7F32A9}.Debug|Any CPU.Build.0 = Debug|Any CPU
		{5CC5128C-7003-42D7-9BDF-00B59C7F32A9}.Release|Any CPU.ActiveCfg = Release|Any CPU
		{5CC5128C-7003-42D7-9BDF-00B59C7F32A9}.Release|Any CPU.Build.0 = Release|Any CPU
		{476AF4B0-4496-44E8-9C76-F9F98C39A795}.Debug|Any CPU.ActiveCfg = Debug|Any CPU
		{476AF4B0-4496-44E8-9C76-F9F98C39A795}.Debug|Any CPU.Build.0 = Debug|Any CPU
		{476AF4B0-4496-44E8-9C76-F9F98C39A795}.Release|Any CPU.ActiveCfg = Release|Any CPU
		{476AF4B0-4496-44E8-9C76-F9F98C39A795}.Release|Any CPU.Build.0 = Release|Any CPU
	EndGlobalSection
	GlobalSection(SolutionProperties) = preSolution
		HideSolutionNode = FALSE
	EndGlobalSection
	GlobalSection(ExtensibilityGlobals) = postSolution
		SolutionGuid = {FE01CBC2-4961-48ED-9D19-A00C171B3153}
	EndGlobalSection
EndGlobal
